
Microsoft Visual Studio Solution File, Format Version 12.00
# Visual Studio Version 16
VisualStudioVersion = 16.0.31129.286
MinimumVisualStudioVersion = 10.0.40219.1
Project("{FAE04EC0-301F-11D3-BF4B-00C04F79EFBC}") = "PictureViewer", "PictureViewer\PictureViewer.csproj", "{F73FF081-12E6-457E-BF77-86CD3AF7190A}"
EndProject
Global
	GlobalSection(SolutionConfigurationPlatforms) = preSolution
		Debug|Any CPU = Debug|Any CPU
		Release|Any CPU = Release|Any CPU
	EndGlobalSection
	GlobalSection(ProjectConfigurationPlatforms) = postSolution
		{F73FF081-12E6-457E-BF77-86CD3AF7190A}.Debug|Any CPU.ActiveCfg = Debug|Any CPU
		{F73FF081-12E6-457E-BF77-86CD3AF7190A}.Debug|Any CPU.Build.0 = Debug|Any CPU
		{F73FF081-12E6-457E-BF77-86CD3AF7190A}.Release|Any CPU.ActiveCfg = Release|Any CPU
		{F73FF081-12E6-457E-BF77-86CD3AF7190A}.Release|Any CPU.Build.0 = Release|Any CPU
	EndGlobalSection
	GlobalSection(SolutionProperties) = preSolution
		HideSolutionNode = FALSE
	EndGlobalSection
	GlobalSection(ExtensibilityGlobals) = postSolution
		SolutionGuid = {C902023E-EEC7-4549-9549-31F8D9306140}
	EndGlobalSection
EndGlobal
